// !$*UTF8*$!
{
	archiveVersion = 1;
	classes = {
	};
	objectVersion = 46;
	objects = {

/* Begin PBXBuildFile section */
		2EE44B9F3B6E68E409FF2AA6 /* XBBeaconViewController.m in Sources */ = {isa = PBXBuildFile; fileRef = 2EE44D902AC9ADA71437AFEF /* XBBeaconViewController.m */; };
		2EE44D7DFE80E3565AE69242 /* XBBeaconRegionDataSource.m in Sources */ = {isa = PBXBuildFile; fileRef = 2EE44D44E2410E94BA4D7E1C /* XBBeaconRegionDataSource.m */; };
		2EE44FD96046023FA232B3C9 /* XBBeaconLocationManager.m in Sources */ = {isa = PBXBuildFile; fileRef = 2EE449046CF848C7A016B547 /* XBBeaconLocationManager.m */; };
		5443EB1A1775BEC50000FFE8 /* MainStoryboard.storyboard in Resources */ = {isa = PBXBuildFile; fileRef = 5443EA7E1775BEC40000FFE8 /* MainStoryboard.storyboard */; };
		5443EF17177620B70000FFE8 /* main.m in Sources */ = {isa = PBXBuildFile; fileRef = 5443EE73177620B70000FFE8 /* main.m */; };
		5443EF83177620B70000FFE8 /* XBAppDelegate.m in Sources */ = {isa = PBXBuildFile; fileRef = 5443EEE0177620B70000FFE8 /* XBAppDelegate.m */; };
		547C4757184499D000F8BC76 /* Xebia.entitlements in Resources */ = {isa = PBXBuildFile; fileRef = 547C4753184499D000F8BC76 /* Xebia.entitlements */; };
		549A7F34183E3FF5002B2026 /* Images.xcassets in Resources */ = {isa = PBXBuildFile; fileRef = 549A7F33183E3FF5002B2026 /* Images.xcassets */; };
		54A90CDA184B8A7400133EF9 /* CoreLocation.framework in Frameworks */ = {isa = PBXBuildFile; fileRef = 54A90CD8184B8A6400133EF9 /* CoreLocation.framework */; };
		54C2DEEB15BDFAFB00CABB12 /* UIKit.framework in Frameworks */ = {isa = PBXBuildFile; fileRef = 54C2DEEA15BDFAFB00CABB12 /* UIKit.framework */; };
		54C2DEED15BDFAFB00CABB12 /* Foundation.framework in Frameworks */ = {isa = PBXBuildFile; fileRef = 54C2DEEC15BDFAFB00CABB12 /* Foundation.framework */; };
/* End PBXBuildFile section */

/* Begin PBXFileReference section */
		2EE446ECF77FFB14C0B211AC /* XBBeaconLocationManager.h */ = {isa = PBXFileReference; fileEncoding = 4; lastKnownFileType = sourcecode.c.h; path = XBBeaconLocationManager.h; sourceTree = "<group>"; };
		2EE449046CF848C7A016B547 /* XBBeaconLocationManager.m */ = {isa = PBXFileReference; fileEncoding = 4; lastKnownFileType = sourcecode.c.objc; path = XBBeaconLocationManager.m; sourceTree = "<group>"; };
		2EE44D44E2410E94BA4D7E1C /* XBBeaconRegionDataSource.m */ = {isa = PBXFileReference; fileEncoding = 4; lastKnownFileType = sourcecode.c.objc; path = XBBeaconRegionDataSource.m; sourceTree = "<group>"; };
		2EE44D902AC9ADA71437AFEF /* XBBeaconViewController.m */ = {isa = PBXFileReference; fileEncoding = 4; lastKnownFileType = sourcecode.c.objc; path = XBBeaconViewController.m; sourceTree = "<group>"; };
		2EE44DCE2B42928260C518F0 /* XBBeaconViewController.h */ = {isa = PBXFileReference; fileEncoding = 4; lastKnownFileType = sourcecode.c.h; path = XBBeaconViewController.h; sourceTree = "<group>"; };
		2EE44F23DDCB2752123E176B /* XBBeaconRegionDataSource.h */ = {isa = PBXFileReference; fileEncoding = 4; lastKnownFileType = sourcecode.c.h; path = XBBeaconRegionDataSource.h; sourceTree = "<group>"; };
		5443EA7E1775BEC40000FFE8 /* MainStoryboard.storyboard */ = {isa = PBXFileReference; fileEncoding = 4; lastKnownFileType = file.storyboard; path = MainStoryboard.storyboard; sourceTree = "<group>"; };
		5443EE73177620B70000FFE8 /* main.m */ = {isa = PBXFileReference; fileEncoding = 4; lastKnownFileType = sourcecode.c.objc; path = main.m; sourceTree = "<group>"; };
		5443EEDF177620B70000FFE8 /* XBAppDelegate.h */ = {isa = PBXFileReference; fileEncoding = 4; lastKnownFileType = sourcecode.c.h; path = XBAppDelegate.h; sourceTree = "<group>"; };
		5443EEE0177620B70000FFE8 /* XBAppDelegate.m */ = {isa = PBXFileReference; fileEncoding = 4; lastKnownFileType = sourcecode.c.objc; path = XBAppDelegate.m; sourceTree = "<group>"; };
		547C4751184499D000F8BC76 /* XebiaBeacons-Info.plist */ = {isa = PBXFileReference; fileEncoding = 4; lastKnownFileType = text.plist.xml; path = "XebiaBeacons-Info.plist"; sourceTree = "<group>"; };
		547C4752184499D000F8BC76 /* XebiaBeacons-Prefix.pch */ = {isa = PBXFileReference; fileEncoding = 4; lastKnownFileType = sourcecode.c.h; path = "XebiaBeacons-Prefix.pch"; sourceTree = "<group>"; };
		547C4753184499D000F8BC76 /* Xebia.entitlements */ = {isa = PBXFileReference; fileEncoding = 4; lastKnownFileType = text.xml; path = Xebia.entitlements; sourceTree = "<group>"; };
		549A7F33183E3FF5002B2026 /* Images.xcassets */ = {isa = PBXFileReference; lastKnownFileType = folder.assetcatalog; name = Images.xcassets; path = Resources/Images.xcassets; sourceTree = SOURCE_ROOT; };
		54A90CD8184B8A6400133EF9 /* CoreLocation.framework */ = {isa = PBXFileReference; lastKnownFileType = wrapper.framework; name = CoreLocation.framework; path = System/Library/Frameworks/CoreLocation.framework; sourceTree = SDKROOT; };
		54C2DEE615BDFAFB00CABB12 /* xebia-ios.app */ = {isa = PBXFileReference; explicitFileType = wrapper.application; includeInIndex = 0; path = "xebia-ios.app"; sourceTree = BUILT_PRODUCTS_DIR; };
		54C2DEEA15BDFAFB00CABB12 /* UIKit.framework */ = {isa = PBXFileReference; includeInIndex = 1; lastKnownFileType = wrapper.framework; name = UIKit.framework; path = System/Library/Frameworks/UIKit.framework; sourceTree = SDKROOT; };
		54C2DEEC15BDFAFB00CABB12 /* Foundation.framework */ = {isa = PBXFileReference; includeInIndex = 1; lastKnownFileType = wrapper.framework; name = Foundation.framework; path = System/Library/Frameworks/Foundation.framework; sourceTree = SDKROOT; };
/* End PBXFileReference section */

/* Begin PBXFrameworksBuildPhase section */
		54C2DEE315BDFAFB00CABB12 /* Frameworks */ = {
			isa = PBXFrameworksBuildPhase;
			buildActionMask = 2147483647;
			files = (
				54A90CDA184B8A7400133EF9 /* CoreLocation.framework in Frameworks */,
				54C2DEEB15BDFAFB00CABB12 /* UIKit.framework in Frameworks */,
				54C2DEED15BDFAFB00CABB12 /* Foundation.framework in Frameworks */,
			);
			runOnlyForDeploymentPostprocessing = 0;
		};
/* End PBXFrameworksBuildPhase section */

/* Begin PBXGroup section */
		2EE44BF6904127B5063AB6E7 /* Beacon Location */ = {
			isa = PBXGroup;
			children = (
				2EE446ECF77FFB14C0B211AC /* XBBeaconLocationManager.h */,
				2EE449046CF848C7A016B547 /* XBBeaconLocationManager.m */,
				2EE44F23DDCB2752123E176B /* XBBeaconRegionDataSource.h */,
				2EE44D44E2410E94BA4D7E1C /* XBBeaconRegionDataSource.m */,
			);
			path = "Beacon Location";
			sourceTree = "<group>";
		};
		42DBF4631894292600BBD4AB /* Service */ = {
			isa = PBXGroup;
			children = (
				2EE44BF6904127B5063AB6E7 /* Beacon Location */,
			);
			path = Service;
			sourceTree = "<group>";
		};
		5443EA1A1775BEC40000FFE8 /* Resources */ = {
			isa = PBXGroup;
			children = (
				549A7F33183E3FF5002B2026 /* Images.xcassets */,
				5443EA7D1775BEC40000FFE8 /* Storyboards */,
			);
			path = Resources;
			sourceTree = "<group>";
		};
		5443EA7D1775BEC40000FFE8 /* Storyboards */ = {
			isa = PBXGroup;
			children = (
				5443EA7E1775BEC40000FFE8 /* MainStoryboard.storyboard */,
			);
			path = Storyboards;
			sourceTree = "<group>";
		};
		5443EE2E177620B60000FFE8 /* Classes */ = {
			isa = PBXGroup;
			children = (
				5443EE45177620B60000FFE8 /* Controller */,
				42DBF4631894292600BBD4AB /* Service */,
				5443EE73177620B70000FFE8 /* main.m */,
				5443EEDF177620B70000FFE8 /* XBAppDelegate.h */,
				5443EEE0177620B70000FFE8 /* XBAppDelegate.m */,
			);
			path = Classes;
			sourceTree = "<group>";
		};
		5443EE45177620B60000FFE8 /* Controller */ = {
			isa = PBXGroup;
			children = (
				2EE44DCE2B42928260C518F0 /* XBBeaconViewController.h */,
				2EE44D902AC9ADA71437AFEF /* XBBeaconViewController.m */,
			);
			path = Controller;
			sourceTree = "<group>";
		};
		547C474F184499D000F8BC76 /* Targets */ = {
			isa = PBXGroup;
			children = (
				547C4750184499D000F8BC76 /* Xebia */,
			);
			path = Targets;
			sourceTree = "<group>";
		};
		547C4750184499D000F8BC76 /* Xebia */ = {
			isa = PBXGroup;
			children = (
				547C4751184499D000F8BC76 /* XebiaBeacons-Info.plist */,
				547C4752184499D000F8BC76 /* XebiaBeacons-Prefix.pch */,
				547C4753184499D000F8BC76 /* Xebia.entitlements */,
			);
			path = Xebia;
			sourceTree = "<group>";
		};
		54C2DEDB15BDFAFB00CABB12 = {
			isa = PBXGroup;
			children = (
				5443EE2E177620B60000FFE8 /* Classes */,
				5443EA1A1775BEC40000FFE8 /* Resources */,
				54C2DEE915BDFAFB00CABB12 /* Frameworks */,
				54C2DEE715BDFAFB00CABB12 /* Products */,
				547C474F184499D000F8BC76 /* Targets */,
			);
			sourceTree = "<group>";
		};
		54C2DEE715BDFAFB00CABB12 /* Products */ = {
			isa = PBXGroup;
			children = (
				54C2DEE615BDFAFB00CABB12 /* xebia-ios.app */,
			);
			name = Products;
			sourceTree = "<group>";
		};
		54C2DEE915BDFAFB00CABB12 /* Frameworks */ = {
			isa = PBXGroup;
			children = (
				54A90CD8184B8A6400133EF9 /* CoreLocation.framework */,
				54C2DEEA15BDFAFB00CABB12 /* UIKit.framework */,
				54C2DEEC15BDFAFB00CABB12 /* Foundation.framework */,
			);
			name = Frameworks;
			sourceTree = "<group>";
		};
/* End PBXGroup section */

/* Begin PBXNativeTarget section */
		54C2DEE515BDFAFB00CABB12 /* XebiaBeacons */ = {
			isa = PBXNativeTarget;
			buildConfigurationList = 54C2DF1915BDFAFC00CABB12 /* Build configuration list for PBXNativeTarget "XebiaBeacons" */;
			buildPhases = (
				54C2DEE215BDFAFB00CABB12 /* Sources */,
				54C2DEE315BDFAFB00CABB12 /* Frameworks */,
				54C2DEE415BDFAFB00CABB12 /* Resources */,
			);
			buildRules = (
			);
			dependencies = (
			);
			name = XebiaBeacons;
			productName = "xebia-ios";
			productReference = 54C2DEE615BDFAFB00CABB12 /* xebia-ios.app */;
			productType = "com.apple.product-type.application";
		};
/* End PBXNativeTarget section */

/* Begin PBXProject section */
		54C2DEDD15BDFAFB00CABB12 /* Project object */ = {
			isa = PBXProject;
			attributes = {
				LastUpgradeCheck = 0510;
				ORGANIZATIONNAME = "Xebia IT Architects";
				TargetAttributes = {
					54C2DEE515BDFAFB00CABB12 = {
						DevelopmentTeam = T9UHPNS5GN;
						SystemCapabilities = {
							com.apple.InAppPurchase = {
								enabled = 0;
							};
						};
					};
				};
			};
			buildConfigurationList = 54C2DEE015BDFAFB00CABB12 /* Build configuration list for PBXProject "XebiaBeacons" */;
			compatibilityVersion = "Xcode 3.2";
			developmentRegion = English;
			hasScannedForEncodings = 0;
			knownRegions = (
				en,
				fr,
			);
			mainGroup = 54C2DEDB15BDFAFB00CABB12;
			productRefGroup = 54C2DEE715BDFAFB00CABB12 /* Products */;
			projectDirPath = "";
			projectRoot = "";
			targets = (
				54C2DEE515BDFAFB00CABB12 /* XebiaBeacons */,
			);
		};
/* End PBXProject section */

/* Begin PBXResourcesBuildPhase section */
		54C2DEE415BDFAFB00CABB12 /* Resources */ = {
			isa = PBXResourcesBuildPhase;
			buildActionMask = 2147483647;
			files = (
				5443EB1A1775BEC50000FFE8 /* MainStoryboard.storyboard in Resources */,
				549A7F34183E3FF5002B2026 /* Images.xcassets in Resources */,
				547C4757184499D000F8BC76 /* Xebia.entitlements in Resources */,
			);
			runOnlyForDeploymentPostprocessing = 0;
		};
/* End PBXResourcesBuildPhase section */

/* Begin PBXSourcesBuildPhase section */
		54C2DEE215BDFAFB00CABB12 /* Sources */ = {
			isa = PBXSourcesBuildPhase;
			buildActionMask = 2147483647;
			files = (
				5443EF17177620B70000FFE8 /* main.m in Sources */,
				5443EF83177620B70000FFE8 /* XBAppDelegate.m in Sources */,
				2EE44FD96046023FA232B3C9 /* XBBeaconLocationManager.m in Sources */,
				2EE44D7DFE80E3565AE69242 /* XBBeaconRegionDataSource.m in Sources */,
				2EE44B9F3B6E68E409FF2AA6 /* XBBeaconViewController.m in Sources */,
			);
			runOnlyForDeploymentPostprocessing = 0;
		};
/* End PBXSourcesBuildPhase section */

/* Begin XCBuildConfiguration section */
		421A5B16199A57FD0011F653 /* Debug */ = {
			isa = XCBuildConfiguration;
			buildSettings = {
				ASSETCATALOG_COMPILER_APPICON_NAME = AppIcon;
				ASSETCATALOG_COMPILER_LAUNCHIMAGE_NAME = LaunchImage;
				COPY_PHASE_STRIP = NO;
				GCC_DYNAMIC_NO_PIC = NO;
				GCC_OPTIMIZATION_LEVEL = 0;
				GCC_PREFIX_HEADER = "Targets/Xebia/XebiaBeacons-Prefix.pch";
				INFOPLIST_FILE = "Targets/Xebia/XebiaBeacons-Info.plist";
				PRODUCT_NAME = "xebia-ios";
				TARGETED_DEVICE_FAMILY = 1;
			};
			name = Debug;
		};
		421A5B17199A57FD0011F653 /* Release */ = {
			isa = XCBuildConfiguration;
			buildSettings = {
				ASSETCATALOG_COMPILER_APPICON_NAME = AppIcon;
				ASSETCATALOG_COMPILER_LAUNCHIMAGE_NAME = LaunchImage;
				COPY_PHASE_STRIP = YES;
				DEBUG_INFORMATION_FORMAT = "dwarf-with-dsym";
				GCC_PREFIX_HEADER = "Targets/Xebia/XebiaBeacons-Prefix.pch";
				INFOPLIST_FILE = "Targets/Xebia/XebiaBeacons-Info.plist";
				PRODUCT_NAME = "xebia-ios";
				TARGETED_DEVICE_FAMILY = 1;
			};
			name = Release;
		};
		54C2DF1715BDFAFC00CABB12 /* Debug */ = {
			isa = XCBuildConfiguration;
			buildSettings = {
				ALWAYS_SEARCH_USER_PATHS = NO;
				CLANG_ENABLE_OBJC_ARC = YES;
				CLANG_WARN_BOOL_CONVERSION = YES;
				CLANG_WARN_CONSTANT_CONVERSION = YES;
				CLANG_WARN_EMPTY_BODY = YES;
				CLANG_WARN_ENUM_CONVERSION = YES;
				CLANG_WARN_INT_CONVERSION = YES;
				CLANG_WARN__DUPLICATE_METHOD_MATCH = YES;
				"CODE_SIGN_IDENTITY[sdk=iphoneos*]" = "iPhone Developer";
				COPY_PHASE_STRIP = NO;
				GCC_C_LANGUAGE_STANDARD = gnu99;
				GCC_DYNAMIC_NO_PIC = NO;
				GCC_OPTIMIZATION_LEVEL = 0;
				GCC_PREPROCESSOR_DEFINITIONS = (
					"DEBUG=1",
					"$(inherited)",
				);
				GCC_SYMBOLS_PRIVATE_EXTERN = NO;
				GCC_VERSION = com.apple.compilers.llvm.clang.1_0;
				GCC_WARN_64_TO_32_BIT_CONVERSION = YES;
				GCC_WARN_ABOUT_RETURN_TYPE = YES;
				GCC_WARN_UNDECLARED_SELECTOR = YES;
				GCC_WARN_UNINITIALIZED_AUTOS = YES;
				GCC_WARN_UNUSED_FUNCTION = YES;
				GCC_WARN_UNUSED_VARIABLE = YES;
				IPHONEOS_DEPLOYMENT_TARGET = 7.0;
				ONLY_ACTIVE_ARCH = YES;
				SDKROOT = iphoneos;
				TARGETED_DEVICE_FAMILY = "1,2";
			};
			name = Debug;
		};
		54C2DF1815BDFAFC00CABB12 /* Release */ = {
			isa = XCBuildConfiguration;
			buildSettings = {
				ALWAYS_SEARCH_USER_PATHS = NO;
				CLANG_ENABLE_OBJC_ARC = YES;
				CLANG_WARN_BOOL_CONVERSION = YES;
				CLANG_WARN_CONSTANT_CONVERSION = YES;
				CLANG_WARN_EMPTY_BODY = YES;
				CLANG_WARN_ENUM_CONVERSION = YES;
				CLANG_WARN_INT_CONVERSION = YES;
				CLANG_WARN__DUPLICATE_METHOD_MATCH = YES;
				"CODE_SIGN_IDENTITY[sdk=iphoneos*]" = "iPhone Developer";
				COPY_PHASE_STRIP = YES;
				GCC_C_LANGUAGE_STANDARD = gnu99;
				GCC_VERSION = com.apple.compilers.llvm.clang.1_0;
				GCC_WARN_64_TO_32_BIT_CONVERSION = YES;
				GCC_WARN_ABOUT_RETURN_TYPE = YES;
				GCC_WARN_UNDECLARED_SELECTOR = YES;
				GCC_WARN_UNINITIALIZED_AUTOS = YES;
				GCC_WARN_UNUSED_FUNCTION = YES;
				GCC_WARN_UNUSED_VARIABLE = YES;
				IPHONEOS_DEPLOYMENT_TARGET = 7.0;
				OTHER_CFLAGS = "-DNS_BLOCK_ASSERTIONS=1";
				SDKROOT = iphoneos;
				TARGETED_DEVICE_FAMILY = "1,2";
				VALIDATE_PRODUCT = YES;
			};
			name = Release;
		};
/* End XCBuildConfiguration section */

/* Begin XCConfigurationList section */
		54C2DEE015BDFAFB00CABB12 /* Build configuration list for PBXProject "XebiaBeacons" */ = {
			isa = XCConfigurationList;
			buildConfigurations = (
				54C2DF1715BDFAFC00CABB12 /* Debug */,
				54C2DF1815BDFAFC00CABB12 /* Release */,
			);
			defaultConfigurationIsVisible = 0;
			defaultConfigurationName = Release;
		};
		54C2DF1915BDFAFC00CABB12 /* Build configuration list for PBXNativeTarget "XebiaBeacons" */ = {
			isa = XCConfigurationList;
			buildConfigurations = (
				421A5B16199A57FD0011F653 /* Debug */,
				421A5B17199A57FD0011F653 /* Release */,
			);
			defaultConfigurationIsVisible = 0;
			defaultConfigurationName = Release;
		};
/* End XCConfigurationList section */
	};
	rootObject = 54C2DEDD15BDFAFB00CABB12 /* Project object */;
}
